
Microsoft Visual Studio Solution File, Format Version 12.00
# Visual Studio Version 16
VisualStudioVersion = 16.0.28803.202
MinimumVisualStudioVersion = 10.0.40219.1
Project("{FAE04EC0-301F-11D3-BF4B-00C04F79EFBC}") = "CoreWebAppSandbox", "CoreWebAppSandbox\CoreWebAppSandbox.csproj", "{C6993B6C-2849-4CF6-B304-E1F568EFFC29}"
EndProject
Global
	GlobalSection(SolutionConfigurationPlatforms) = preSolution
		Debug|Any CPU = Debug|Any CPU
		Release|Any CPU = Release|Any CPU
	EndGlobalSection
	GlobalSection(ProjectConfigurationPlatforms) = postSolution
		{C6993B6C-2849-4CF6-B304-E1F568EFFC29}.Debug|Any CPU.ActiveCfg = Debug|Any CPU
		{C6993B6C-2849-4CF6-B304-E1F568EFFC29}.Debug|Any CPU.Build.0 = Debug|Any CPU
		{C6993B6C-2849-4CF6-B304-E1F568EFFC29}.Release|Any CPU.ActiveCfg = Release|Any CPU
		{C6993B6C-2849-4CF6-B304-E1F568EFFC29}.Release|Any CPU.Build.0 = Release|Any CPU
	EndGlobalSection
	GlobalSection(SolutionProperties) = preSolution
		HideSolutionNode = FALSE
	EndGlobalSection
	GlobalSection(ExtensibilityGlobals) = postSolution
		SolutionGuid = {151B6A31-09FC-49DD-BA9F-01BD39EDAC73}
	EndGlobalSection
EndGlobal
